{
  "name": "hyperagent",
  "lockfileVersion": 3,
  "requires": true,
  "packages": {
    "": {
      "dependencies": {
        "agentmail": "^0.5.35"
      },
      "devDependencies": {
        "backlog.md": "1.53.0",
        "groma.md": "0.6.5"
      }
    },
    "node_modules/agentmail": {
      "version": "0.5.35",
      "resolved": "https://registry.npmjs.org/agentmail/-/agentmail-0.5.35.tgz",
      "integrity": "sha512-nXxhcRm1PwKn3EHl0eJY62mSwkBU94/5IDp+d0natE3Mo3zV0gXLhxy9rv34DP0u0HUFEjha9HNOc44tF8IqtA==",
      "license": "MIT",
      "dependencies": {
        "ws": "^8.20.0"
      },
      "engines": {
        "node": ">=18.0.0"
      },
      "peerDependencies": {
        "@x402/fetch": "^2"
      },
      "peerDependenciesMeta": {
        "@x402/fetch": {
          "optional": true
        }
      }
    },
    "node_modules/backlog.md": {
      "version": "1.53.0",
      "resolved": "https://registry.npmjs.org/backlog.md/-/backlog.md-1.53.0.tgz",
      "integrity": "sha512-VfYdR7RGu+mgEpSbHpBfdsyHVlJ+d4DIRzixkmyLqsfgCk4pLPDRhNkbu6dU3UgLEbQfxKhDuXUIbN/RLyGk1A==",
      "dev": true,
      "license": "MIT",
      "bin": {
        "backlog": "cli.js"
      },
      "optionalDependencies": {
        "backlog.md-darwin-arm64": "1.53.0",
        "backlog.md-darwin-x64": "1.53.0",
        "backlog.md-linux-arm64": "1.53.0",
        "backlog.md-linux-x64": "1.53.0",
        "backlog.md-windows-arm64": "1.53.0",
        "backlog.md-windows-x64": "1.53.0"
      }
    },
    "node_modules/backlog.md-darwin-arm64": {
      "version": "1.53.0",
      "resolved": "https://registry.npmjs.org/backlog.md-darwin-arm64/-/backlog.md-darwin-arm64-1.53.0.tgz",
      "integrity": "sha512-NQT4XHXoeudV5rZ/JVe039eTJV3hKcCdnEZd6rI1GCuMFnSYY9t5NaiFk2f/OzJTJPcFanpVnKOGefLiPs37uw==",
      "cpu": [
        "arm64"
      ],
      "dev": true,
      "optional": true,
      "os": [
        "darwin"
      ]
    },
    "node_modules/backlog.md-darwin-x64": {
      "version": "1.53.0",
      "resolved": "https://registry.npmjs.org/backlog.md-darwin-x64/-/backlog.md-darwin-x64-1.53.0.tgz",
      "integrity": "sha512-fC0vCuhGfHFAvvDNRf1dN/7F3GdmbuSZGzMVVHKx0+To4cakLOwuqOUhPX5KIGXeK6minHBMPIxIJFFtae2xvA==",
      "cpu": [
        "x64"
      ],
      "dev": true,
      "optional": true,
      "os": [
        "darwin"
      ]
    },
    "node_modules/backlog.md-linux-arm64": {
      "version": "1.53.0",
      "resolved": "https://registry.npmjs.org/backlog.md-linux-arm64/-/backlog.md-linux-arm64-1.53.0.tgz",
      "integrity": "sha512-7EjAd91HexoteCYsz0jIKKMNxPaVg5gPv1LkcqHHiOpmCjmz3bDb02Wsk/VecPGeNFqFgpbpLyYI184UCCW0vA==",
      "cpu": [
        "arm64"
      ],
      "dev": true,
      "optional": true,
      "os": [
        "linux"
      ]
    },
    "node_modules/backlog.md-linux-x64": {
      "version": "1.53.0",
      "resolved": "https://registry.npmjs.org/backlog.md-linux-x64/-/backlog.md-linux-x64-1.53.0.tgz",
      "integrity": "sha512-EusW2vDzNjzKRaloJ3yPNgGwjqJ8Fow8aKdBRLZGs6+Pb1V9CREyhqOOia/H1OvQ86M74gjVBnnIpCDRrU0m8w==",
      "cpu": [
        "x64"
      ],
      "dev": true,
      "optional": true,
      "os": [
        "linux"
      ]
    },
    "node_modules/backlog.md-windows-arm64": {
      "version": "1.53.0",
      "resolved": "https://registry.npmjs.org/backlog.md-windows-arm64/-/backlog.md-windows-arm64-1.53.0.tgz",
      "integrity": "sha512-ia0gxBfewMhQSaGprz8DH1FA3iel3OqbEjngdZDKjfQrMNk8gqkmDUM3hQr1IMOXsq/YbteRQhdlHpCLUgLBoA==",
      "cpu": [
        "arm64"
      ],
      "dev": true,
      "optional": true,
      "os": [
        "win32"
      ]
    },
    "node_modules/backlog.md-windows-x64": {
      "version": "1.53.0",
      "resolved": "https://registry.npmjs.org/backlog.md-windows-x64/-/backlog.md-windows-x64-1.53.0.tgz",
      "integrity": "sha512-EzNL6Rx/DA6Hnq52wNAP78MTAK23xpBi2aAqMqObW3LhjhefG3h4M5SjTSUkizbH2FyvYsZlahlYJFdxUpz31g==",
      "cpu": [
        "x64"
      ],
      "dev": true,
      "optional": true,
      "os": [
        "win32"
      ]
    },
    "node_modules/groma.md": {
      "version": "0.6.5",
      "resolved": "https://registry.npmjs.org/groma.md/-/groma.md-0.6.5.tgz",
      "integrity": "sha512-JZQSKt3bEg0Jy7GdITKTJubpPk/gQCIQkAR0xTYNqHz8Q8KI8x1EIgmCO0glTkl5hKuG/bu0a+ee+tLFIY/ohQ==",
      "dev": true,
      "license": "MIT",
      "bin": {
        "groma": "cli.cjs"
      },
      "engines": {
        "node": ">=20.19.0"
      },
      "optionalDependencies": {
        "groma.md-darwin-arm64": "0.6.5",
        "groma.md-linux-arm64": "0.6.5",
        "groma.md-linux-x64": "0.6.5",
        "groma.md-windows-arm64": "0.6.5",
        "groma.md-windows-x64": "0.6.5"
      }
    },
    "node_modules/groma.md-darwin-arm64": {
      "version": "0.6.5",
      "resolved": "https://registry.npmjs.org/groma.md-darwin-arm64/-/groma.md-darwin-arm64-0.6.5.tgz",
      "integrity": "sha512-3NZHInof2pX3FgllUyIo4PdSmsdZRzybD1e0Jl8jNTZbBVI9Rbq3hKzv+58fcnI+YQHaENemu2uzXxTcxTN3bQ==",
      "cpu": [
        "arm64"
      ],
      "dev": true,
      "license": "MIT",
      "optional": true,
      "os": [
        "darwin"
      ]
    },
    "node_modules/groma.md-linux-arm64": {
      "version": "0.6.5",
      "resolved": "https://registry.npmjs.org/groma.md-linux-arm64/-/groma.md-linux-arm64-0.6.5.tgz",
      "integrity": "sha512-LFlTAa5V2q8ErkUjEMtvqezljQqvz6g8HaHfupzAAYJwSprbg0jzMiyUzK55I/wGLKZrKduJnCsIPfBRgZOshw==",
      "cpu": [
        "arm64"
      ],
      "dev": true,
      "license": "MIT",
      "optional": true,
      "os": [
        "linux"
      ]
    },
    "node_modules/groma.md-linux-x64": {
      "version": "0.6.5",
      "resolved": "https://registry.npmjs.org/groma.md-linux-x64/-/groma.md-linux-x64-0.6.5.tgz",
      "integrity": "sha512-Vi/VDvbkJx5mVEQ7ikRnE/Mkqrz5PmhxxdwMP7X7Judc5hV+F/KGqAA37gGwvVhxCPvzW7c2luv5SzWeknxWWA==",
      "cpu": [
        "x64"
      ],
      "dev": true,
      "license": "MIT",
      "optional": true,
      "os": [
        "linux"
      ]
    },
    "node_modules/groma.md-windows-arm64": {
      "version": "0.6.5",
      "resolved": "https://registry.npmjs.org/groma.md-windows-arm64/-/groma.md-windows-arm64-0.6.5.tgz",
      "integrity": "sha512-10bECtkPNOBsdxDrjPpzSGQBzgT4xV6qTzlAbk1bYAL9pAQrFQwh7FDyDTsbQS/sTzvl8lUzRUNIvbnZx2Sr9w==",
      "cpu": [
        "arm64"
      ],
      "dev": true,
      "license": "MIT",
      "optional": true,
      "os": [
        "win32"
      ]
    },
    "node_modules/groma.md-windows-x64": {
      "version": "0.6.5",
      "resolved": "https://registry.npmjs.org/groma.md-windows-x64/-/groma.md-windows-x64-0.6.5.tgz",
      "integrity": "sha512-YdVp1HwxDWsJm9OwmIuQ8Nqs01UvKSIKNf1Zp377QCBpeuIY/lQncOBM8VDKnPsLlwv+ldBzjVHD4jjLiXo2vA==",
      "cpu": [
        "x64"
      ],
      "dev": true,
      "license": "MIT",
      "optional": true,
      "os": [
        "win32"
      ]
    },
    "node_modules/ws": {
      "version": "8.22.0",
      "resolved": "https://registry.npmjs.org/ws/-/ws-8.22.0.tgz",
      "integrity": "sha512-Ydggc987+RO0AnWtZ/7Wq9FtNvcrL1b/RO0ud9mWjUPgDrsAAwQSF51sm2hm1XofbU/4jkpGEsLFsZZxU+1DOg==",
      "license": "MIT",
      "engines": {
        "node": ">=10.0.0"
      },
      "peerDependencies": {
        "bufferutil": "^4.0.1",
        "utf-8-validate": ">=5.0.2"
      },
      "peerDependenciesMeta": {
        "bufferutil": {
          "optional": true
        },
        "utf-8-validate": {
          "optional": true
        }
      }
    }
  }
}
